
Microsoft Visual Studio Solution File, Format Version 12.00
# Visual Studio Version 16
VisualStudioVersion = 16.0.29613.14
MinimumVisualStudioVersion = 10.0.40219.1
Project("{FAE04EC0-301F-11D3-BF4B-00C04F79EFBC}") = "BrightyUI", "BrightyUI\BrightyUI.csproj", "{F6266A27-69AB-4595-A2DE-17383DC01AEE}"
EndProject
Project("{FAE04EC0-301F-11D3-BF4B-00C04F79EFBC}") = "Tests", "Tests\Tests.csproj", "{77EF3656-5CA0-4C3D-AFE5-ACB5918B7601}"
EndProject
Global
	GlobalSection(SolutionConfigurationPlatforms) = preSolution
		Debug|Any CPU = Debug|Any CPU
		Release|Any CPU = Release|Any CPU
	EndGlobalSection
	GlobalSection(ProjectConfigurationPlatforms) = postSolution
		{F6266A27-69AB-4595-A2DE-17383DC01AEE}.Debug|Any CPU.ActiveCfg = Debug|Any CPU
		{F6266A27-69AB-4595-A2DE-17383DC01AEE}.Debug|Any CPU.Build.0 = Debug|Any CPU
		{F6266A27-69AB-4595-A2DE-17383DC01AEE}.Release|Any CPU.ActiveCfg = Release|Any CPU
		{F6266A27-69AB-4595-A2DE-17383DC01AEE}.Release|Any CPU.Build.0 = Release|Any CPU
		{77EF3656-5CA0-4C3D-AFE5-ACB5918B7601}.Debug|Any CPU.ActiveCfg = Debug|Any CPU
		{77EF3656-5CA0-4C3D-AFE5-ACB5918B7601}.Debug|Any CPU.Build.0 = Debug|Any CPU
		{77EF3656-5CA0-4C3D-AFE5-ACB5918B7601}.Release|Any CPU.ActiveCfg = Release|Any CPU
		{77EF3656-5CA0-4C3D-AFE5-ACB5918B7601}.Release|Any CPU.Build.0 = Release|Any CPU
	EndGlobalSection
	GlobalSection(SolutionProperties) = preSolution
		HideSolutionNode = FALSE
	EndGlobalSection
	GlobalSection(ExtensibilityGlobals) = postSolution
		SolutionGuid = {B798FE0B-4537-4FBA-A931-6079E66260DB}
	EndGlobalSection
EndGlobal
